
Microsoft Visual Studio Solution File, Format Version 12.00
# Visual Studio Version 17
VisualStudioVersion = 17.13.35913.81 d17.13
MinimumVisualStudioVersion = 10.0.40219.1
Project("{FAE04EC0-301F-11D3-BF4B-00C04F79EFBC}") = "telegram bot", "telegram bot\telegram bot.csproj", "{147B06F3-2A6F-465D-A8F6-4300022FC460}"
EndProject
Global
	GlobalSection(SolutionConfigurationPlatforms) = preSolution
		Debug|Any CPU = Debug|Any CPU
		Release|Any CPU = Release|Any CPU
	EndGlobalSection
	GlobalSection(ProjectConfigurationPlatforms) = postSolution
		{147B06F3-2A6F-465D-A8F6-4300022FC460}.Debug|Any CPU.ActiveCfg = Debug|Any CPU
		{147B06F3-2A6F-465D-A8F6-4300022FC460}.Debug|Any CPU.Build.0 = Debug|Any CPU
		{147B06F3-2A6F-465D-A8F6-4300022FC460}.Release|Any CPU.ActiveCfg = Release|Any CPU
		{147B06F3-2A6F-465D-A8F6-4300022FC460}.Release|Any CPU.Build.0 = Release|Any CPU
	EndGlobalSection
	GlobalSection(SolutionProperties) = preSolution
		HideSolutionNode = FALSE
	EndGlobalSection
	GlobalSection(ExtensibilityGlobals) = postSolution
		SolutionGuid = {C02F2B0B-1B7B-495C-9B08-251AC62B49C7}
	EndGlobalSection
EndGlobal
